
Microsoft Visual Studio Solution File, Format Version 12.00
# Visual Studio 2013
VisualStudioVersion = 12.0.31101.0
MinimumVisualStudioVersion = 10.0.40219.1
Project("{2150E333-8FDC-42A3-9474-1A3956D46DE8}") = ".nuget", ".nuget", "{0E0B1381-C00A-4866-B611-B42C4B8A18D6}"
	ProjectSection(SolutionItems) = preProject
		.nuget\NuGet.Config = .nuget\NuGet.Config
		.nuget\NuGet.exe = .nuget\NuGet.exe
		.nuget\NuGet.targets = .nuget\NuGet.targets
	EndProjectSection
EndProject
Project("{FAE04EC0-301F-11D3-BF4B-00C04F79EFBC}") = "SEACompliance.DataBase", "SEACompliance.DataBase\SEACompliance.DataBase.csproj", "{1B1C3992-72EE-4029-BF18-29FDDBB5F5EF}"
EndProject
Project("{FAE04EC0-301F-11D3-BF4B-00C04F79EFBC}") = "SEACompliance.Core", "SEACompliance.Core\SEACompliance.Core.csproj", "{3B4358C7-A665-4D8D-B0C2-9272DA294F77}"
EndProject
Project("{FAE04EC0-301F-11D3-BF4B-00C04F79EFBC}") = "SEACompliance.Model", "SEACompliance.Data.Model\SEACompliance.Model.csproj", "{A1367129-FFEE-4B33-B5A7-BA59B56FF52C}"
	ProjectSection(ProjectDependencies) = postProject
		{3B4358C7-A665-4D8D-B0C2-9272DA294F77} = {3B4358C7-A665-4D8D-B0C2-9272DA294F77}
	EndProjectSection
EndProject
Project("{FAE04EC0-301F-11D3-BF4B-00C04F79EFBC}") = "SEACompliance.DAL.Interface", "SEACompliance.DAL.Interface\SEACompliance.DAL.Interface.csproj", "{C1CC71AD-26D4-4D42-8A09-4A2A1730AC25}"
	ProjectSection(ProjectDependencies) = postProject
		{3B4358C7-A665-4D8D-B0C2-9272DA294F77} = {3B4358C7-A665-4D8D-B0C2-9272DA294F77}
	EndProjectSection
EndProject
Project("{FAE04EC0-301F-11D3-BF4B-00C04F79EFBC}") = "SEACompliance.DAL", "SEACompliance.DAL\SEACompliance.DAL.csproj", "{17136EE7-FAF4-49EF-8A14-80E437DDEB2D}"
	ProjectSection(ProjectDependencies) = postProject
		{A1367129-FFEE-4B33-B5A7-BA59B56FF52C} = {A1367129-FFEE-4B33-B5A7-BA59B56FF52C}
		{C1CC71AD-26D4-4D42-8A09-4A2A1730AC25} = {C1CC71AD-26D4-4D42-8A09-4A2A1730AC25}
		{3B4358C7-A665-4D8D-B0C2-9272DA294F77} = {3B4358C7-A665-4D8D-B0C2-9272DA294F77}
	EndProjectSection
EndProject
Project("{FAE04EC0-301F-11D3-BF4B-00C04F79EFBC}") = "SEACompliance.Service.Interface", "SEACompliance.Interface\SEACompliance.Service.Interface.csproj", "{7642FDF4-0F00-41C2-9019-DC1CB46E62BF}"
	ProjectSection(ProjectDependencies) = postProject
		{A1367129-FFEE-4B33-B5A7-BA59B56FF52C} = {A1367129-FFEE-4B33-B5A7-BA59B56FF52C}
		{C1CC71AD-26D4-4D42-8A09-4A2A1730AC25} = {C1CC71AD-26D4-4D42-8A09-4A2A1730AC25}
		{3B4358C7-A665-4D8D-B0C2-9272DA294F77} = {3B4358C7-A665-4D8D-B0C2-9272DA294F77}
		{17136EE7-FAF4-49EF-8A14-80E437DDEB2D} = {17136EE7-FAF4-49EF-8A14-80E437DDEB2D}
	EndProjectSection
EndProject
Project("{FAE04EC0-301F-11D3-BF4B-00C04F79EFBC}") = "SEACompliance.Service", "SEACompliance.Service\SEACompliance.Service.csproj", "{978322BE-8CD9-4D36-AB25-7A5B6C2F6798}"
	ProjectSection(ProjectDependencies) = postProject
		{A1367129-FFEE-4B33-B5A7-BA59B56FF52C} = {A1367129-FFEE-4B33-B5A7-BA59B56FF52C}
		{1B1C3992-72EE-4029-BF18-29FDDBB5F5EF} = {1B1C3992-72EE-4029-BF18-29FDDBB5F5EF}
		{C1CC71AD-26D4-4D42-8A09-4A2A1730AC25} = {C1CC71AD-26D4-4D42-8A09-4A2A1730AC25}
		{7642FDF4-0F00-41C2-9019-DC1CB46E62BF} = {7642FDF4-0F00-41C2-9019-DC1CB46E62BF}
	EndProjectSection
EndProject

Project("{FAE04EC0-301F-11D3-BF4B-00C04F79EFBC}") = "SEACompliance.Web", "SEACompliance.Web\SEACompliance.Web.csproj", "{34258DAE-7111-4561-9B9A-B730E18BFF8A}"
	ProjectSection(ProjectDependencies) = postProject
		{C1CC71AD-26D4-4D42-8A09-4A2A1730AC25} = {C1CC71AD-26D4-4D42-8A09-4A2A1730AC25}
		{978322BE-8CD9-4D36-AB25-7A5B6C2F6798} = {978322BE-8CD9-4D36-AB25-7A5B6C2F6798}
		{17136EE7-FAF4-49EF-8A14-80E437DDEB2D} = {17136EE7-FAF4-49EF-8A14-80E437DDEB2D}
	EndProjectSection
EndProject
Global
	GlobalSection(SolutionConfigurationPlatforms) = preSolution
		Cert|Any CPU = Cert|Any CPU
		Debug|Any CPU = Debug|Any CPU
		Demo|Any CPU = Demo|Any CPU
		Release|Any CPU = Release|Any CPU
		Test|Any CPU = Test|Any CPU
	EndGlobalSection
	GlobalSection(ProjectConfigurationPlatforms) = postSolution
		{3B4358C7-A665-4D8D-B0C2-9272DA294F77}.Cert|Any CPU.ActiveCfg = Release|Any CPU
		{3B4358C7-A665-4D8D-B0C2-9272DA294F77}.Cert|Any CPU.Build.0 = Release|Any CPU
		{3B4358C7-A665-4D8D-B0C2-9272DA294F77}.Debug|Any CPU.ActiveCfg = Debug|Any CPU
		{3B4358C7-A665-4D8D-B0C2-9272DA294F77}.Debug|Any CPU.Build.0 = Debug|Any CPU
		{3B4358C7-A665-4D8D-B0C2-9272DA294F77}.Demo|Any CPU.ActiveCfg = Debug|Any CPU
		{3B4358C7-A665-4D8D-B0C2-9272DA294F77}.Demo|Any CPU.Build.0 = Debug|Any CPU
		{3B4358C7-A665-4D8D-B0C2-9272DA294F77}.Release|Any CPU.ActiveCfg = Release|Any CPU
		{3B4358C7-A665-4D8D-B0C2-9272DA294F77}.Release|Any CPU.Build.0 = Release|Any CPU
		{3B4358C7-A665-4D8D-B0C2-9272DA294F77}.Test|Any CPU.ActiveCfg = Release|Any CPU
		{3B4358C7-A665-4D8D-B0C2-9272DA294F77}.Test|Any CPU.Build.0 = Release|Any CPU
		{1B1C3992-72EE-4029-BF18-29FDDBB5F5EF}.Cert|Any CPU.ActiveCfg = Release|Any CPU
		{1B1C3992-72EE-4029-BF18-29FDDBB5F5EF}.Cert|Any CPU.Build.0 = Release|Any CPU
		{1B1C3992-72EE-4029-BF18-29FDDBB5F5EF}.Debug|Any CPU.ActiveCfg = Debug|Any CPU
		{1B1C3992-72EE-4029-BF18-29FDDBB5F5EF}.Debug|Any CPU.Build.0 = Debug|Any CPU
		{1B1C3992-72EE-4029-BF18-29FDDBB5F5EF}.Demo|Any CPU.ActiveCfg = Debug|Any CPU
		{1B1C3992-72EE-4029-BF18-29FDDBB5F5EF}.Demo|Any CPU.Build.0 = Debug|Any CPU
		{1B1C3992-72EE-4029-BF18-29FDDBB5F5EF}.Release|Any CPU.ActiveCfg = Release|Any CPU
		{1B1C3992-72EE-4029-BF18-29FDDBB5F5EF}.Release|Any CPU.Build.0 = Release|Any CPU
		{1B1C3992-72EE-4029-BF18-29FDDBB5F5EF}.Test|Any CPU.ActiveCfg = Release|Any CPU
		{1B1C3992-72EE-4029-BF18-29FDDBB5F5EF}.Test|Any CPU.Build.0 = Release|Any CPU
		{34258DAE-7111-4561-9B9A-B730E18BFF8A}.Cert|Any CPU.ActiveCfg = Release|Any CPU
		{34258DAE-7111-4561-9B9A-B730E18BFF8A}.Cert|Any CPU.Build.0 = Release|Any CPU
		{34258DAE-7111-4561-9B9A-B730E18BFF8A}.Debug|Any CPU.ActiveCfg = Debug|Any CPU
		{34258DAE-7111-4561-9B9A-B730E18BFF8A}.Debug|Any CPU.Build.0 = Debug|Any CPU
		{34258DAE-7111-4561-9B9A-B730E18BFF8A}.Demo|Any CPU.ActiveCfg = Debug|Any CPU
		{34258DAE-7111-4561-9B9A-B730E18BFF8A}.Demo|Any CPU.Build.0 = Debug|Any CPU
		{34258DAE-7111-4561-9B9A-B730E18BFF8A}.Release|Any CPU.ActiveCfg = Release|Any CPU
		{34258DAE-7111-4561-9B9A-B730E18BFF8A}.Release|Any CPU.Build.0 = Release|Any CPU
		{34258DAE-7111-4561-9B9A-B730E18BFF8A}.Test|Any CPU.ActiveCfg = Release|Any CPU
		{34258DAE-7111-4561-9B9A-B730E18BFF8A}.Test|Any CPU.Build.0 = Release|Any CPU
		{7642FDF4-0F00-41C2-9019-DC1CB46E62BF}.Cert|Any CPU.ActiveCfg = Release|Any CPU
		{7642FDF4-0F00-41C2-9019-DC1CB46E62BF}.Cert|Any CPU.Build.0 = Release|Any CPU
		{7642FDF4-0F00-41C2-9019-DC1CB46E62BF}.Debug|Any CPU.ActiveCfg = Debug|Any CPU
		{7642FDF4-0F00-41C2-9019-DC1CB46E62BF}.Debug|Any CPU.Build.0 = Debug|Any CPU
		{7642FDF4-0F00-41C2-9019-DC1CB46E62BF}.Demo|Any CPU.ActiveCfg = Debug|Any CPU
		{7642FDF4-0F00-41C2-9019-DC1CB46E62BF}.Demo|Any CPU.Build.0 = Debug|Any CPU
		{7642FDF4-0F00-41C2-9019-DC1CB46E62BF}.Release|Any CPU.ActiveCfg = Release|Any CPU
		{7642FDF4-0F00-41C2-9019-DC1CB46E62BF}.Release|Any CPU.Build.0 = Release|Any CPU
		{7642FDF4-0F00-41C2-9019-DC1CB46E62BF}.Test|Any CPU.ActiveCfg = Release|Any CPU
		{7642FDF4-0F00-41C2-9019-DC1CB46E62BF}.Test|Any CPU.Build.0 = Release|Any CPU
		{A1367129-FFEE-4B33-B5A7-BA59B56FF52C}.Cert|Any CPU.ActiveCfg = Release|Any CPU
		{A1367129-FFEE-4B33-B5A7-BA59B56FF52C}.Cert|Any CPU.Build.0 = Release|Any CPU
		{A1367129-FFEE-4B33-B5A7-BA59B56FF52C}.Debug|Any CPU.ActiveCfg = Debug|Any CPU
		{A1367129-FFEE-4B33-B5A7-BA59B56FF52C}.Debug|Any CPU.Build.0 = Debug|Any CPU
		{A1367129-FFEE-4B33-B5A7-BA59B56FF52C}.Demo|Any CPU.ActiveCfg = Debug|Any CPU
		{A1367129-FFEE-4B33-B5A7-BA59B56FF52C}.Demo|Any CPU.Build.0 = Debug|Any CPU
		{A1367129-FFEE-4B33-B5A7-BA59B56FF52C}.Release|Any CPU.ActiveCfg = Release|Any CPU
		{A1367129-FFEE-4B33-B5A7-BA59B56FF52C}.Release|Any CPU.Build.0 = Release|Any CPU
		{A1367129-FFEE-4B33-B5A7-BA59B56FF52C}.Test|Any CPU.ActiveCfg = Release|Any CPU
		{A1367129-FFEE-4B33-B5A7-BA59B56FF52C}.Test|Any CPU.Build.0 = Release|Any CPU
		{C1CC71AD-26D4-4D42-8A09-4A2A1730AC25}.Cert|Any CPU.ActiveCfg = Release|Any CPU
		{C1CC71AD-26D4-4D42-8A09-4A2A1730AC25}.Cert|Any CPU.Build.0 = Release|Any CPU
		{C1CC71AD-26D4-4D42-8A09-4A2A1730AC25}.Debug|Any CPU.ActiveCfg = Debug|Any CPU
		{C1CC71AD-26D4-4D42-8A09-4A2A1730AC25}.Debug|Any CPU.Build.0 = Debug|Any CPU
		{C1CC71AD-26D4-4D42-8A09-4A2A1730AC25}.Demo|Any CPU.ActiveCfg = Debug|Any CPU
		{C1CC71AD-26D4-4D42-8A09-4A2A1730AC25}.Demo|Any CPU.Build.0 = Debug|Any CPU
		{C1CC71AD-26D4-4D42-8A09-4A2A1730AC25}.Release|Any CPU.ActiveCfg = Release|Any CPU
		{C1CC71AD-26D4-4D42-8A09-4A2A1730AC25}.Release|Any CPU.Build.0 = Release|Any CPU
		{C1CC71AD-26D4-4D42-8A09-4A2A1730AC25}.Test|Any CPU.ActiveCfg = Release|Any CPU
		{C1CC71AD-26D4-4D42-8A09-4A2A1730AC25}.Test|Any CPU.Build.0 = Release|Any CPU
		{978322BE-8CD9-4D36-AB25-7A5B6C2F6798}.Cert|Any CPU.ActiveCfg = Release|Any CPU
		{978322BE-8CD9-4D36-AB25-7A5B6C2F6798}.Cert|Any CPU.Build.0 = Release|Any CPU
		{978322BE-8CD9-4D36-AB25-7A5B6C2F6798}.Debug|Any CPU.ActiveCfg = Debug|Any CPU
		{978322BE-8CD9-4D36-AB25-7A5B6C2F6798}.Debug|Any CPU.Build.0 = Debug|Any CPU
		{978322BE-8CD9-4D36-AB25-7A5B6C2F6798}.Demo|Any CPU.ActiveCfg = Debug|Any CPU
		{978322BE-8CD9-4D36-AB25-7A5B6C2F6798}.Demo|Any CPU.Build.0 = Debug|Any CPU
		{978322BE-8CD9-4D36-AB25-7A5B6C2F6798}.Release|Any CPU.ActiveCfg = Release|Any CPU
		{978322BE-8CD9-4D36-AB25-7A5B6C2F6798}.Release|Any CPU.Build.0 = Release|Any CPU
		{978322BE-8CD9-4D36-AB25-7A5B6C2F6798}.Test|Any CPU.ActiveCfg = Release|Any CPU
		{978322BE-8CD9-4D36-AB25-7A5B6C2F6798}.Test|Any CPU.Build.0 = Release|Any CPU
		{17136EE7-FAF4-49EF-8A14-80E437DDEB2D}.Cert|Any CPU.ActiveCfg = Release|Any CPU
		{17136EE7-FAF4-49EF-8A14-80E437DDEB2D}.Cert|Any CPU.Build.0 = Release|Any CPU
		{17136EE7-FAF4-49EF-8A14-80E437DDEB2D}.Debug|Any CPU.ActiveCfg = Debug|Any CPU
		{17136EE7-FAF4-49EF-8A14-80E437DDEB2D}.Debug|Any CPU.Build.0 = Debug|Any CPU
		{17136EE7-FAF4-49EF-8A14-80E437DDEB2D}.Demo|Any CPU.ActiveCfg = Debug|Any CPU
		{17136EE7-FAF4-49EF-8A14-80E437DDEB2D}.Demo|Any CPU.Build.0 = Debug|Any CPU
		{17136EE7-FAF4-49EF-8A14-80E437DDEB2D}.Release|Any CPU.ActiveCfg = Release|Any CPU
		{17136EE7-FAF4-49EF-8A14-80E437DDEB2D}.Release|Any CPU.Build.0 = Release|Any CPU
		{17136EE7-FAF4-49EF-8A14-80E437DDEB2D}.Test|Any CPU.ActiveCfg = Release|Any CPU
		{17136EE7-FAF4-49EF-8A14-80E437DDEB2D}.Test|Any CPU.Build.0 = Release|Any CPU
	EndGlobalSection
	GlobalSection(SolutionProperties) = preSolution
		HideSolutionNode = FALSE
	EndGlobalSection
EndGlobal
